
Microsoft Visual Studio Solution File, Format Version 12.00
# Visual Studio Version 17
VisualStudioVersion = 17.9.34607.119
MinimumVisualStudioVersion = 10.0.40219.1
Project("{2150E333-8FDC-42A3-9474-1A3956D46DE8}") = "01.Clients", "01.Clients", "{A6B66A0F-567C-48B5-9C3E-E128C41AB426}"
EndProject
Project("{2150E333-8FDC-42A3-9474-1A3956D46DE8}") = "02.Api.GateWays", "02.Api.GateWays", "{1FDDAD5F-6B0C-487B-B234-22CF5189AA44}"
EndProject
Project("{2150E333-8FDC-42A3-9474-1A3956D46DE8}") = "03.Services", "03.Services", "{27E89E45-F593-40FA-94CC-1891B68A9DCE}"
EndProject
Project("{2150E333-8FDC-42A3-9474-1A3956D46DE8}") = "01.Identity", "01.Identity", "{DD444C64-D870-40FB-89E2-5D228B2BAA73}"
EndProject
Project("{2150E333-8FDC-42A3-9474-1A3956D46DE8}") = "02,Catalog", "02,Catalog", "{C5FC7586-98B4-4E0C-9598-B05737862942}"
EndProject
Project("{2150E333-8FDC-42A3-9474-1A3956D46DE8}") = "03.Customer", "03.Customer", "{431FFD8C-7FE1-4ED4-89BB-9F4D229DA9DB}"
EndProject
Project("{2150E333-8FDC-42A3-9474-1A3956D46DE8}") = "04.Order", "04.Order", "{CD74C28A-C223-4FA3-AFC6-C0EE4EB65879}"
EndProject
Project("{FAE04EC0-301F-11D3-BF4B-00C04F79EFBC}") = "Catalog.Api", "src\Services\Catalog\Catalog.Api\Catalog.Api.csproj", "{7267AF8D-C6FC-4EB8-8DD3-B94B867762FE}"
EndProject
Project("{2150E333-8FDC-42A3-9474-1A3956D46DE8}") = "01.Api", "01.Api", "{83A3C545-34F6-4412-BCD5-3C02239F1DDB}"
EndProject
Project("{2150E333-8FDC-42A3-9474-1A3956D46DE8}") = "03.Persistence", "03.Persistence", "{122C67B9-ADBA-4192-9C56-C8EDE5802678}"
EndProject
Project("{2150E333-8FDC-42A3-9474-1A3956D46DE8}") = "02.Services", "02.Services", "{E6CAF5E3-6351-47FC-8285-B42E12D47458}"
EndProject
Project("{2150E333-8FDC-42A3-9474-1A3956D46DE8}") = "Models", "Models", "{BA4F1305-E25E-4302-9D49-9C01C68E59F8}"
EndProject
Project("{FAE04EC0-301F-11D3-BF4B-00C04F79EFBC}") = "Catalog.Domaing", "src\Services\Catalog\Catalog.Domaing\Catalog.Domaing.csproj", "{64FB27AF-B2A7-494F-BCE8-77DCC28E2309}"
EndProject
Project("{FAE04EC0-301F-11D3-BF4B-00C04F79EFBC}") = "Catalog.Persistence.Database", "src\Services\Catalog\Catalog.Persistence.Database\Catalog.Persistence.Database.csproj", "{3E92C172-C996-453C-B2F9-097587394193}"
EndProject
Global
	GlobalSection(SolutionConfigurationPlatforms) = preSolution
		Debug|Any CPU = Debug|Any CPU
		Release|Any CPU = Release|Any CPU
	EndGlobalSection
	GlobalSection(ProjectConfigurationPlatforms) = postSolution
		{7267AF8D-C6FC-4EB8-8DD3-B94B867762FE}.Debug|Any CPU.ActiveCfg = Debug|Any CPU
		{7267AF8D-C6FC-4EB8-8DD3-B94B867762FE}.Debug|Any CPU.Build.0 = Debug|Any CPU
		{7267AF8D-C6FC-4EB8-8DD3-B94B867762FE}.Release|Any CPU.ActiveCfg = Release|Any CPU
		{7267AF8D-C6FC-4EB8-8DD3-B94B867762FE}.Release|Any CPU.Build.0 = Release|Any CPU
		{64FB27AF-B2A7-494F-BCE8-77DCC28E2309}.Debug|Any CPU.ActiveCfg = Debug|Any CPU
		{64FB27AF-B2A7-494F-BCE8-77DCC28E2309}.Debug|Any CPU.Build.0 = Debug|Any CPU
		{64FB27AF-B2A7-494F-BCE8-77DCC28E2309}.Release|Any CPU.ActiveCfg = Release|Any CPU
		{64FB27AF-B2A7-494F-BCE8-77DCC28E2309}.Release|Any CPU.Build.0 = Release|Any CPU
		{3E92C172-C996-453C-B2F9-097587394193}.Debug|Any CPU.ActiveCfg = Debug|Any CPU
		{3E92C172-C996-453C-B2F9-097587394193}.Debug|Any CPU.Build.0 = Debug|Any CPU
		{3E92C172-C996-453C-B2F9-097587394193}.Release|Any CPU.ActiveCfg = Release|Any CPU
		{3E92C172-C996-453C-B2F9-097587394193}.Release|Any CPU.Build.0 = Release|Any CPU
	EndGlobalSection
	GlobalSection(SolutionProperties) = preSolution
		HideSolutionNode = FALSE
	EndGlobalSection
	GlobalSection(NestedProjects) = preSolution
		{DD444C64-D870-40FB-89E2-5D228B2BAA73} = {27E89E45-F593-40FA-94CC-1891B68A9DCE}
		{C5FC7586-98B4-4E0C-9598-B05737862942} = {27E89E45-F593-40FA-94CC-1891B68A9DCE}
		{431FFD8C-7FE1-4ED4-89BB-9F4D229DA9DB} = {27E89E45-F593-40FA-94CC-1891B68A9DCE}
		{CD74C28A-C223-4FA3-AFC6-C0EE4EB65879} = {27E89E45-F593-40FA-94CC-1891B68A9DCE}
		{7267AF8D-C6FC-4EB8-8DD3-B94B867762FE} = {83A3C545-34F6-4412-BCD5-3C02239F1DDB}
		{83A3C545-34F6-4412-BCD5-3C02239F1DDB} = {C5FC7586-98B4-4E0C-9598-B05737862942}
		{122C67B9-ADBA-4192-9C56-C8EDE5802678} = {C5FC7586-98B4-4E0C-9598-B05737862942}
		{E6CAF5E3-6351-47FC-8285-B42E12D47458} = {C5FC7586-98B4-4E0C-9598-B05737862942}
		{BA4F1305-E25E-4302-9D49-9C01C68E59F8} = {C5FC7586-98B4-4E0C-9598-B05737862942}
		{64FB27AF-B2A7-494F-BCE8-77DCC28E2309} = {BA4F1305-E25E-4302-9D49-9C01C68E59F8}
		{3E92C172-C996-453C-B2F9-097587394193} = {122C67B9-ADBA-4192-9C56-C8EDE5802678}
	EndGlobalSection
	GlobalSection(ExtensibilityGlobals) = postSolution
		SolutionGuid = {18013CD8-3713-4F5B-AAA4-1C51A2F82A3F}
	EndGlobalSection
EndGlobal
